Microsoft Visual Studio Solution File, Format Version 12.00
# Visual Studio Version 17
VisualStudioVersion = 17.0.31903.59
MinimumVisualStudioVersion = 10.0.40219.1
Project("{2150E333-8FDC-42A3-9474-1A3956D46DE8}") = "src", "src", "{827E0CD3-B72D-47B6-A68D-7590B98EB39B}"
EndProject
Project("{2150E333-8FDC-42A3-9474-1A3956D46DE8}") = "Shared", "Shared", "{C8E42992-5E42-0C2B-DBFE-AA848D06431C}"
EndProject
Project("{2150E333-8FDC-42A3-9474-1A3956D46DE8}") = "Services", "Services", "{7DA348B5-9681-7436-A640-3B972169BAFB}"
EndProject
Project("{2150E333-8FDC-42A3-9474-1A3956D46DE8}") = "Gateway", "Gateway", "{B5F8C3A2-1234-5678-9ABC-DEF012345678}"
EndProject
Project("{FAE04EC0-301F-11D3-BF4B-00C04F79EFBC}") = "Shared.Contracts", "src\Shared\Contracts\Shared.Contracts.csproj", "{0EDC4388-E163-49CC-829C-4C279D1AEE48}"
EndProject
Project("{FAE04EC0-301F-11D3-BF4B-00C04F79EFBC}") = "ApiGateway", "src\ApiGateway\ApiGateway.csproj", "{0848E764-B37F-4BF4-AC70-04E49E4325D5}"
EndProject
Project("{FAE04EC0-301F-11D3-BF4B-00C04F79EFBC}") = "AuthService", "src\AuthService\AuthService.csproj", "{689BAE32-4A00-41EA-952B-56005D230115}"
EndProject
Project("{FAE04EC0-301F-11D3-BF4B-00C04F79EFBC}") = "ClubService", "src\ClubService\ClubService.csproj", "{D4E5F6G7-H8I9-0123-DEFG-456789012345}"
EndProject
Project("{FAE04EC0-301F-11D3-BF4B-00C04F79EFBC}") = "MemberService", "src\MemberService\MemberService.csproj", "{E5F6G7H8-I9J0-1234-EFGH-567890123456}"
EndProject
Project("{FAE04EC0-301F-11D3-BF4B-00C04F79EFBC}") = "CommunicationService", "src\CommunicationService\CommunicationService.csproj", "{F6G7H8I9-J0K1-2345-FGHI-678901234567}"
EndProject
Global
	GlobalSection(SolutionConfigurationPlatforms) = preSolution
		Debug|Any CPU = Debug|Any CPU
		Debug|x64 = Debug|x64
		Debug|x86 = Debug|x86
		Release|Any CPU = Release|Any CPU
		Release|x64 = Release|x64
		Release|x86 = Release|x86
	EndGlobalSection
	GlobalSection(ProjectConfigurationPlatforms) = postSolution
		{0EDC4388-E163-49CC-829C-4C279D1AEE48}.Debug|Any CPU.ActiveCfg = Debug|Any CPU
		{0EDC4388-E163-49CC-829C-4C279D1AEE48}.Debug|Any CPU.Build.0 = Debug|Any CPU
		{0EDC4388-E163-49CC-829C-4C279D1AEE48}.Debug|x64.ActiveCfg = Debug|Any CPU
		{0EDC4388-E163-49CC-829C-4C279D1AEE48}.Debug|x64.Build.0 = Debug|Any CPU
		{0EDC4388-E163-49CC-829C-4C279D1AEE48}.Debug|x86.ActiveCfg = Debug|Any CPU
		{0EDC4388-E163-49CC-829C-4C279D1AEE48}.Debug|x86.Build.0 = Debug|Any CPU
		{0EDC4388-E163-49CC-829C-4C279D1AEE48}.Release|Any CPU.ActiveCfg = Release|Any CPU
		{0EDC4388-E163-49CC-829C-4C279D1AEE48}.Release|Any CPU.Build.0 = Release|Any CPU
		{0EDC4388-E163-49CC-829C-4C279D1AEE48}.Release|x64.ActiveCfg = Release|Any CPU
		{0EDC4388-E163-49CC-829C-4C279D1AEE48}.Release|x64.Build.0 = Release|Any CPU
		{0EDC4388-E163-49CC-829C-4C279D1AEE48}.Release|x86.ActiveCfg = Release|Any CPU
		{0EDC4388-E163-49CC-829C-4C279D1AEE48}.Release|x86.Build.0 = Release|Any CPU
		{0848E764-B37F-4BF4-AC70-04E49E4325D5}.Debug|Any CPU.ActiveCfg = Debug|Any CPU
		{0848E764-B37F-4BF4-AC70-04E49E4325D5}.Debug|Any CPU.Build.0 = Debug|Any CPU
		{0848E764-B37F-4BF4-AC70-04E49E4325D5}.Debug|x64.ActiveCfg = Debug|Any CPU
		{0848E764-B37F-4BF4-AC70-04E49E4325D5}.Debug|x64.Build.0 = Debug|Any CPU
		{0848E764-B37F-4BF4-AC70-04E49E4325D5}.Debug|x86.ActiveCfg = Debug|Any CPU
		{0848E764-B37F-4BF4-AC70-04E49E4325D5}.Debug|x86.Build.0 = Debug|Any CPU
		{0848E764-B37F-4BF4-AC70-04E49E4325D5}.Release|Any CPU.ActiveCfg = Release|Any CPU
		{0848E764-B37F-4BF4-AC70-04E49E4325D5}.Release|Any CPU.Build.0 = Release|Any CPU
		{0848E764-B37F-4BF4-AC70-04E49E4325D5}.Release|x64.ActiveCfg = Release|Any CPU
		{0848E764-B37F-4BF4-AC70-04E49E4325D5}.Release|x64.Build.0 = Release|Any CPU
		{0848E764-B37F-4BF4-AC70-04E49E4325D5}.Release|x86.ActiveCfg = Release|Any CPU
		{0848E764-B37F-4BF4-AC70-04E49E4325D5}.Release|x86.Build.0 = Release|Any CPU
		{689BAE32-4A00-41EA-952B-56005D230115}.Debug|Any CPU.ActiveCfg = Debug|Any CPU
		{689BAE32-4A00-41EA-952B-56005D230115}.Debug|Any CPU.Build.0 = Debug|Any CPU
		{689BAE32-4A00-41EA-952B-56005D230115}.Debug|x64.ActiveCfg = Debug|Any CPU
		{689BAE32-4A00-41EA-952B-56005D230115}.Debug|x64.Build.0 = Debug|Any CPU
		{689BAE32-4A00-41EA-952B-56005D230115}.Debug|x86.ActiveCfg = Debug|Any CPU
		{689BAE32-4A00-41EA-952B-56005D230115}.Debug|x86.Build.0 = Debug|Any CPU
		{689BAE32-4A00-41EA-952B-56005D230115}.Release|Any CPU.ActiveCfg = Release|Any CPU
		{689BAE32-4A00-41EA-952B-56005D230115}.Release|Any CPU.Build.0 = Release|Any CPU
		{689BAE32-4A00-41EA-952B-56005D230115}.Release|x64.ActiveCfg = Release|Any CPU
		{689BAE32-4A00-41EA-952B-56005D230115}.Release|x64.Build.0 = Release|Any CPU
		{689BAE32-4A00-41EA-952B-56005D230115}.Release|x86.ActiveCfg = Release|Any CPU
		{689BAE32-4A00-41EA-952B-56005D230115}.Release|x86.Build.0 = Release|Any CPU
		{D4E5F6G7-H8I9-0123-DEFG-456789012345}.Debug|Any CPU.ActiveCfg = Debug|Any CPU
		{D4E5F6G7-H8I9-0123-DEFG-456789012345}.Debug|Any CPU.Build.0 = Debug|Any CPU
		{D4E5F6G7-H8I9-0123-DEFG-456789012345}.Debug|x64.ActiveCfg = Debug|Any CPU
		{D4E5F6G7-H8I9-0123-DEFG-456789012345}.Debug|x64.Build.0 = Debug|Any CPU
		{D4E5F6G7-H8I9-0123-DEFG-456789012345}.Debug|x86.ActiveCfg = Debug|Any CPU
		{D4E5F6G7-H8I9-0123-DEFG-456789012345}.Debug|x86.Build.0 = Debug|Any CPU
		{D4E5F6G7-H8I9-0123-DEFG-456789012345}.Release|Any CPU.ActiveCfg = Release|Any CPU
		{D4E5F6G7-H8I9-0123-DEFG-456789012345}.Release|Any CPU.Build.0 = Release|Any CPU
		{D4E5F6G7-H8I9-0123-DEFG-456789012345}.Release|x64.ActiveCfg = Release|Any CPU
		{D4E5F6G7-H8I9-0123-DEFG-456789012345}.Release|x64.Build.0 = Release|Any CPU
		{D4E5F6G7-H8I9-0123-DEFG-456789012345}.Release|x86.ActiveCfg = Release|Any CPU
		{D4E5F6G7-H8I9-0123-DEFG-456789012345}.Release|x86.Build.0 = Release|Any CPU
		{E5F6G7H8-I9J0-1234-EFGH-567890123456}.Debug|Any CPU.ActiveCfg = Debug|Any CPU
		{E5F6G7H8-I9J0-1234-EFGH-567890123456}.Debug|Any CPU.Build.0 = Debug|Any CPU
		{E5F6G7H8-I9J0-1234-EFGH-567890123456}.Debug|x64.ActiveCfg = Debug|Any CPU
		{E5F6G7H8-I9J0-1234-EFGH-567890123456}.Debug|x64.Build.0 = Debug|Any CPU
		{E5F6G7H8-I9J0-1234-EFGH-567890123456}.Debug|x86.ActiveCfg = Debug|Any CPU
		{E5F6G7H8-I9J0-1234-EFGH-567890123456}.Debug|x86.Build.0 = Debug|Any CPU
		{E5F6G7H8-I9J0-1234-EFGH-567890123456}.Release|Any CPU.ActiveCfg = Release|Any CPU
		{E5F6G7H8-I9J0-1234-EFGH-567890123456}.Release|Any CPU.Build.0 = Release|Any CPU
		{E5F6G7H8-I9J0-1234-EFGH-567890123456}.Release|x64.ActiveCfg = Release|Any CPU
		{E5F6G7H8-I9J0-1234-EFGH-567890123456}.Release|x64.Build.0 = Release|Any CPU
		{E5F6G7H8-I9J0-1234-EFGH-567890123456}.Release|x86.ActiveCfg = Release|Any CPU
		{E5F6G7H8-I9J0-1234-EFGH-567890123456}.Release|x86.Build.0 = Release|Any CPU
		{F6G7H8I9-J0K1-2345-FGHI-678901234567}.Debug|Any CPU.ActiveCfg = Debug|Any CPU
		{F6G7H8I9-J0K1-2345-FGHI-678901234567}.Debug|Any CPU.Build.0 = Debug|Any CPU
		{F6G7H8I9-J0K1-2345-FGHI-678901234567}.Debug|x64.ActiveCfg = Debug|Any CPU
		{F6G7H8I9-J0K1-2345-FGHI-678901234567}.Debug|x64.Build.0 = Debug|Any CPU
		{F6G7H8I9-J0K1-2345-FGHI-678901234567}.Debug|x86.ActiveCfg = Debug|Any CPU
		{F6G7H8I9-J0K1-2345-FGHI-678901234567}.Debug|x86.Build.0 = Debug|Any CPU
		{F6G7H8I9-J0K1-2345-FGHI-678901234567}.Release|Any CPU.ActiveCfg = Release|Any CPU
		{F6G7H8I9-J0K1-2345-FGHI-678901234567}.Release|Any CPU.Build.0 = Release|Any CPU
		{F6G7H8I9-J0K1-2345-FGHI-678901234567}.Release|x64.ActiveCfg = Release|Any CPU
		{F6G7H8I9-J0K1-2345-FGHI-678901234567}.Release|x64.Build.0 = Release|Any CPU
		{F6G7H8I9-J0K1-2345-FGHI-678901234567}.Release|x86.ActiveCfg = Release|Any CPU
		{F6G7H8I9-J0K1-2345-FGHI-678901234567}.Release|x86.Build.0 = Release|Any CPU

	EndGlobalSection
	GlobalSection(SolutionProperties) = preSolution
		HideSolutionNode = FALSE
	EndGlobalSection
	GlobalSection(NestedProjects) = preSolution
		{C8E42992-5E42-0C2B-DBFE-AA848D06431C} = {827E0CD3-B72D-47B6-A68D-7590B98EB39B}
		{7DA348B5-9681-7436-A640-3B972169BAFB} = {C8E42992-5E42-0C2B-DBFE-AA848D06431C}
		{0EDC4388-E163-49CC-829C-4C279D1AEE48} = {7DA348B5-9681-7436-A640-3B972169BAFB}
		{0848E764-B37F-4BF4-AC70-04E49E4325D5} = {7DA348B5-9681-7436-A640-3B972169BAFB}
		{689BAE32-4A00-41EA-952B-56005D230115} = {7DA348B5-9681-7436-A640-3B972169BAFB}
		{D4E5F6G7-H8I9-0123-DEFG-456789012345} = {7DA348B5-9681-7436-A640-3B972169BAFB}
		{E5F6G7H8-I9J0-1234-EFGH-567890123456} = {7DA348B5-9681-7436-A640-3B972169BAFB}
		{F6G7H8I9-J0K1-2345-FGHI-678901234567} = {7DA348B5-9681-7436-A640-3B972169BAFB}
	EndGlobalSection
EndGlobal
